
Microsoft Visual Studio Solution File, Format Version 12.00
# Visual Studio Version 17
VisualStudioVersion = 17.0.31912.275
MinimumVisualStudioVersion = 10.0.40219.1
Project("{FAE04EC0-301F-11D3-BF4B-00C04F79EFBC}") = "LINQDataAccess", "LINQDataAccess\LINQDataAccess.csproj", "{421FCE92-DCB7-4D5C-970F-5844A231DB5B}"
EndProject
Project("{FAE04EC0-301F-11D3-BF4B-00C04F79EFBC}") = "LINQConsola", "LINQConsola\LINQConsola.csproj", "{25FD8FBB-A202-4B3F-9A99-781F8BFDF0FD}"
EndProject
Project("{FAE04EC0-301F-11D3-BF4B-00C04F79EFBC}") = "MiLibreria", "MiLibreria\MiLibreria.csproj", "{C2A7B52E-7000-4C65-AFCC-968417768D40}"
EndProject
Global
	GlobalSection(SolutionConfigurationPlatforms) = preSolution
		Debug|Any CPU = Debug|Any CPU
		Release|Any CPU = Release|Any CPU
	EndGlobalSection
	GlobalSection(ProjectConfigurationPlatforms) = postSolution
		{421FCE92-DCB7-4D5C-970F-5844A231DB5B}.Debug|Any CPU.ActiveCfg = Debug|Any CPU
		{421FCE92-DCB7-4D5C-970F-5844A231DB5B}.Debug|Any CPU.Build.0 = Debug|Any CPU
		{421FCE92-DCB7-4D5C-970F-5844A231DB5B}.Release|Any CPU.ActiveCfg = Release|Any CPU
		{421FCE92-DCB7-4D5C-970F-5844A231DB5B}.Release|Any CPU.Build.0 = Release|Any CPU
		{25FD8FBB-A202-4B3F-9A99-781F8BFDF0FD}.Debug|Any CPU.ActiveCfg = Debug|Any CPU
		{25FD8FBB-A202-4B3F-9A99-781F8BFDF0FD}.Debug|Any CPU.Build.0 = Debug|Any CPU
		{25FD8FBB-A202-4B3F-9A99-781F8BFDF0FD}.Release|Any CPU.ActiveCfg = Release|Any CPU
		{25FD8FBB-A202-4B3F-9A99-781F8BFDF0FD}.Release|Any CPU.Build.0 = Release|Any CPU
		{C2A7B52E-7000-4C65-AFCC-968417768D40}.Debug|Any CPU.ActiveCfg = Debug|Any CPU
		{C2A7B52E-7000-4C65-AFCC-968417768D40}.Debug|Any CPU.Build.0 = Debug|Any CPU
		{C2A7B52E-7000-4C65-AFCC-968417768D40}.Release|Any CPU.ActiveCfg = Release|Any CPU
		{C2A7B52E-7000-4C65-AFCC-968417768D40}.Release|Any CPU.Build.0 = Release|Any CPU
	EndGlobalSection
	GlobalSection(SolutionProperties) = preSolution
		HideSolutionNode = FALSE
	EndGlobalSection
	GlobalSection(ExtensibilityGlobals) = postSolution
		SolutionGuid = {4757D2F1-0651-472F-9EFC-CB8884CA0E54}
	EndGlobalSection
EndGlobal
